
Microsoft Visual Studio Solution File, Format Version 12.00
# Visual Studio Version 16
VisualStudioVersion = 16.0.30523.141
MinimumVisualStudioVersion = 10.0.40219.1
Project("{888888A0-9F3D-457C-B088-3A5042F75D52}") = "AttendanceProject", "AttendanceProject\AttendanceProject.pyproj", "{B6020E7D-1A04-4903-9D83-EF892EC4B3D3}"
EndProject
Global
	GlobalSection(SolutionConfigurationPlatforms) = preSolution
		Debug|Any CPU = Debug|Any CPU
		Release|Any CPU = Release|Any CPU
	EndGlobalSection
	GlobalSection(ProjectConfigurationPlatforms) = postSolution
		{B6020E7D-1A04-4903-9D83-EF892EC4B3D3}.Debug|Any CPU.ActiveCfg = Debug|Any CPU
		{B6020E7D-1A04-4903-9D83-EF892EC4B3D3}.Release|Any CPU.ActiveCfg = Release|Any CPU
	EndGlobalSection
	GlobalSection(SolutionProperties) = preSolution
		HideSolutionNode = FALSE
	EndGlobalSection
	GlobalSection(ExtensibilityGlobals) = postSolution
		SolutionGuid = {FB5AC1AE-64B0-43B2-8E56-37505B0CE9F9}
	EndGlobalSection
EndGlobal
